version = 1
revision = 3
requires-python = ">=3.11"

[[package]]
name = "bumpver"
version = "2025.1131"
source = { registry = "https://pypi.org/simple" }
dependencies = [
    { name = "click" },
    { name = "colorama" },
    { name = "lexid" },
    { name = "toml" },
]
sdist = { url = "https://files.pythonhosted.org/packages/8f/8a/cc13e816e9f0849dce423b904b06fd91b5444cba6df3200d512a702f2e95/bumpver-2025.1131.tar.gz", hash = "sha256:a35fd2d43a5f65f014035c094866bd3bd6c739606f29fd41246d6ec6e839d3f9", size = 115372, upload-time = "2025-07-02T20:36:11.982Z" }
wheels = [
    { url = "https://files.pythonhosted.org/packages/1d/5b/2d5ea6802495ee4506721977be522804314aa66ad629d9356e3c7e5af4a6/bumpver-2025.1131-py2.py3-none-any.whl", hash = "sha256:c02527f6ed7887afbc06c07630047b24a9f9d02d544a65639e99bf8b92aaa674", size = 65361, upload-time = "2025-07-02T20:36:10.103Z" },
]

[[package]]
name = "click"
version = "8.3.1"
source = { registry = "https://pypi.org/simple" }
dependencies = [
    { name = "colorama", marker = "sys_platform == 'win32'" },
]
sdist = { url = "https://files.pythonhosted.org/packages/3d/fa/656b739db8587d7b5dfa22e22ed02566950fbfbcdc20311993483657a5c0/click-8.3.1.tar.gz", hash = "sha256:12ff4785d337a1bb490bb7e9c2b1ee5da3112e94a8622f26a6c77f5d2fc6842a", size = 295065, upload-time = "2025-11-15T20:45:42.706Z" }
wheels = [
    { url = "https://files.pythonhosted.org/packages/98/78/01c019cdb5d6498122777c1a43056ebb3ebfeef2076d9d026bfe15583b2b/click-8.3.1-py3-none-any.whl", hash = "sha256:981153a64e25f12d547d3426c367a4857371575ee7ad18df2a6183ab0545b2a6", size = 108274, upload-time = "2025-11-15T20:45:41.139Z" },
]

[[package]]
name = "colorama"
version = "0.4.6"
source = { registry = "https://pypi.org/simple" }
sdist = { url = "https://files.pythonhosted.org/packages/d8/53/6f443c9a4a8358a93a6792e2acffb9d9d5cb0a5cfd8802644b7b1c9a02e4/colorama-0.4.6.tar.gz", hash = "sha256:08695f5cb7ed6e0531a20572697297273c47b8cae5a63ffc6d6ed5c201be6e44", size = 27697, upload-time = "2022-10-25T02:36:22.414Z" }
wheels = [
    { url = "https://files.pythonhosted.org/packages/d1/d6/3965ed04c63042e047cb6a3e6ed1a63a35087b6a609aa3a15ed8ac56c221/colorama-0.4.6-py2.py3-none-any.whl", hash = "sha256:4f1d9991f5acc0ca119f9d443620b77f9d6b33703e51011c16baf57afb285fc6", size = 25335, upload-time = "2022-10-25T02:36:20.889Z" },
]

[[package]]
name = "firmwareflashingtool"
version = "1.8.0"
source = { virtual = "." }

[package.dev-dependencies]
dev = [
    { name = "bumpver" },
]

[package.metadata]

[package.metadata.requires-dev]
dev = [{ name = "bumpver", specifier = ">=2025.1131" }]

[[package]]
name = "lexid"
version = "2021.1006"
source = { registry = "https://pypi.org/simple" }
sdist = { url = "https://files.pythonhosted.org/packages/60/0b/28a3f9abc75abbf1fa996eb2dd77e1e33a5d1aac62566e3f60a8ec8b8a22/lexid-2021.1006.tar.gz", hash = "sha256:509a3a4cc926d3dbf22b203b18a4c66c25e6473fb7c0e0d30374533ac28bafe5", size = 11525, upload-time = "2021-04-02T20:18:34.668Z" }
wheels = [
    { url = "https://files.pythonhosted.org/packages/cf/e3/35764404a4b7e2021be1f88f42264c2e92e0c4720273559a62461ce64a47/lexid-2021.1006-py2.py3-none-any.whl", hash = "sha256:5526bb5606fd74c7add23320da5f02805bddd7c77916f2dc1943e6bada8605ed", size = 7587, upload-time = "2021-04-02T20:18:33.129Z" },
]

[[package]]
name = "toml"
version = "0.10.2"
source = { registry = "https://pypi.org/simple" }
sdist = { url = "https://files.pythonhosted.org/packages/be/ba/1f744cdc819428fc6b5084ec34d9b30660f6f9daaf70eead706e3203ec3c/toml-0.10.2.tar.gz", hash = "sha256:b3bda1d108d5dd99f4a20d24d9c348e91c4db7ab1b749200bded2f839ccbe68f", size = 22253, upload-time = "2020-11-01T01:40:22.204Z" }
wheels = [
    { url = "https://files.pythonhosted.org/packages/44/6f/7120676b6d73228c96e17f1f794d8ab046fc910d781c8d151120c3f1569e/toml-0.10.2-py2.py3-none-any.whl", hash = "sha256:806143ae5bfb6a3c6e736a764057db0e6a0e05e338b5630894a5f779cabb4f9b", size = 16588, upload-time = "2020-11-01T01:40:20.672Z" },
]
